
Microsoft Visual Studio Solution File, Format Version 12.00
# Visual Studio Version 17
VisualStudioVersion = 17.2.32616.157
MinimumVisualStudioVersion = 10.0.40219.1
Project("{9A19103F-16F7-4668-BE54-9A1E7A4F7556}") = "ProjectOversight.API", "AMS.API\ProjectOversight.API.csproj", "{50364600-D3EA-461A-A887-AEF96123F5CE}"
EndProject
Project("{00D1A9C2-B5F0-4AF3-8072-F6C62B433612}") = "POS_DB", "POS_DB\POS_DB.sqlproj", "{11945F40-7E1A-45F2-8FC8-73D012054578}"
EndProject
Global
	GlobalSection(SolutionConfigurationPlatforms) = preSolution
		Debug|Any CPU = Debug|Any CPU
		Release|Any CPU = Release|Any CPU
	EndGlobalSection
	GlobalSection(ProjectConfigurationPlatforms) = postSolution
		{50364600-D3EA-461A-A887-AEF96123F5CE}.Debug|Any CPU.ActiveCfg = Debug|Any CPU
		{50364600-D3EA-461A-A887-AEF96123F5CE}.Debug|Any CPU.Build.0 = Debug|Any CPU
		{50364600-D3EA-461A-A887-AEF96123F5CE}.Release|Any CPU.ActiveCfg = Release|Any CPU
		{50364600-D3EA-461A-A887-AEF96123F5CE}.Release|Any CPU.Build.0 = Release|Any CPU
		{11945F40-7E1A-45F2-8FC8-73D012054578}.Debug|Any CPU.ActiveCfg = Debug|Any CPU
		{11945F40-7E1A-45F2-8FC8-73D012054578}.Debug|Any CPU.Build.0 = Debug|Any CPU
		{11945F40-7E1A-45F2-8FC8-73D012054578}.Debug|Any CPU.Deploy.0 = Debug|Any CPU
		{11945F40-7E1A-45F2-8FC8-73D012054578}.Release|Any CPU.ActiveCfg = Release|Any CPU
		{11945F40-7E1A-45F2-8FC8-73D012054578}.Release|Any CPU.Build.0 = Release|Any CPU
		{11945F40-7E1A-45F2-8FC8-73D012054578}.Release|Any CPU.Deploy.0 = Release|Any CPU
	EndGlobalSection
	GlobalSection(SolutionProperties) = preSolution
		HideSolutionNode = FALSE
	EndGlobalSection
	GlobalSection(ExtensibilityGlobals) = postSolution
		SolutionGuid = {6B61E47C-E264-4253-8115-87CD62064FB2}
	EndGlobalSection
EndGlobal
